// !$*UTF8*$!
{
	archiveVersion = 1;
	classes = {
	};
	objectVersion = 48;
	objects = {

/* Begin PBXBuildFile section */
		35CDF5FE205D5E18003B2C45 /* AppDelegate.swift in Sources */ = {isa = PBXBuildFile; fileRef = 35CDF5FD205D5E18003B2C45 /* AppDelegate.swift */; };
		35CDF600205D5E18003B2C45 /* ViewController.swift in Sources */ = {isa = PBXBuildFile; fileRef = 35CDF5FF205D5E18003B2C45 /* ViewController.swift */; };
		35CDF603205D5E18003B2C45 /* Main.storyboard in Resources */ = {isa = PBXBuildFile; fileRef = 35CDF601205D5E18003B2C45 /* Main.storyboard */; };
		35CDF605205D5E18003B2C45 /* Assets.xcassets in Resources */ = {isa = PBXBuildFile; fileRef = 35CDF604205D5E18003B2C45 /* Assets.xcassets */; };
		35CDF608205D5E18003B2C45 /* LaunchScreen.storyboard in Resources */ = {isa = PBXBuildFile; fileRef = 35CDF606205D5E18003B2C45 /* LaunchScreen.storyboard */; };
		35CDF610205D5F45003B2C45 /* GoogleService-Info.plist in Resources */ = {isa = PBXBuildFile; fileRef = 35CDF60F205D5F45003B2C45 /* GoogleService-Info.plist */; };
/* End PBXBuildFile section */

/* Begin PBXFileReference section */
		35CDF5FA205D5E18003B2C45 /* FirebaseTest.app */ = {isa = PBXFileReference; explicitFileType = wrapper.application; includeInIndex = 0; path = FirebaseTest.app; sourceTree = BUILT_PRODUCTS_DIR; };
		35CDF5FD205D5E18003B2C45 /* AppDelegate.swift */ = {isa = PBXFileReference; lastKnownFileType = sourcecode.swift; path = AppDelegate.swift; sourceTree = "<group>"; };
		35CDF5FF205D5E18003B2C45 /* ViewController.swift */ = {isa = PBXFileReference; lastKnownFileType = sourcecode.swift; path = ViewController.swift; sourceTree = "<group>"; };
		35CDF602205D5E18003B2C45 /* Base */ = {isa = PBXFileReference; lastKnownFileType = file.storyboard; name = Base; path = Base.lproj/Main.storyboard; sourceTree = "<group>"; };
		35CDF604205D5E18003B2C45 /* Assets.xcassets */ = {isa = PBXFileReference; lastKnownFileType = folder.assetcatalog; path = Assets.xcassets; sourceTree = "<group>"; };
		35CDF607205D5E18003B2C45 /* Base */ = {isa = PBXFileReference; lastKnownFileType = file.storyboard; name = Base; path = Base.lproj/LaunchScreen.storyboard; sourceTree = "<group>"; };
		35CDF609205D5E18003B2C45 /* Info.plist */ = {isa = PBXFileReference; lastKnownFileType = text.plist.xml; path = Info.plist; sourceTree = "<group>"; };
		35CDF60F205D5F45003B2C45 /* GoogleService-Info.plist */ = {isa = PBXFileReference; fileEncoding = 4; lastKnownFileType = text.plist.xml; path = "GoogleService-Info.plist"; sourceTree = "<group>"; };
/* End PBXFileReference section */

/* Begin PBXFrameworksBuildPhase section */
		35CDF5F7205D5E18003B2C45 /* Frameworks */ = {
			isa = PBXFrameworksBuildPhase;
			buildActionMask = 2147483647;
			files = (
			);
			runOnlyForDeploymentPostprocessing = 0;
		};
/* End PBXFrameworksBuildPhase section */

/* Begin PBXGroup section */
		35CDF5F1205D5E18003B2C45 = {
			isa = PBXGroup;
			children = (
				35CDF5FC205D5E18003B2C45 /* FirebaseTest */,
				35CDF5FB205D5E18003B2C45 /* Products */,
			);
			sourceTree = "<group>";
		};
		35CDF5FB205D5E18003B2C45 /* Products */ = {
			isa = PBXGroup;
			children = (
				35CDF5FA205D5E18003B2C45 /* FirebaseTest.app */,
			);
			name = Products;
			sourceTree = "<group>";
		};
		35CDF5FC205D5E18003B2C45 /* FirebaseTest */ = {
			isa = PBXGroup;
			children = (
				35CDF60F205D5F45003B2C45 /* GoogleService-Info.plist */,
				35CDF5FD205D5E18003B2C45 /* AppDelegate.swift */,
				35CDF5FF205D5E18003B2C45 /* ViewController.swift */,
				35CDF601205D5E18003B2C45 /* Main.storyboard */,
				35CDF604205D5E18003B2C45 /* Assets.xcassets */,
				35CDF606205D5E18003B2C45 /* LaunchScreen.storyboard */,
				35CDF609205D5E18003B2C45 /* Info.plist */,
			);
			path = FirebaseTest;
			sourceTree = "<group>";
		};
/* End PBXGroup section */

/* Begin PBXNativeTarget section */
		35CDF5F9205D5E18003B2C45 /* FirebaseTest */ = {
			isa = PBXNativeTarget;
			buildConfigurationList = 35CDF60C205D5E18003B2C45 /* Build configuration list for PBXNativeTarget "FirebaseTest" */;
			buildPhases = (
				35CDF5F6205D5E18003B2C45 /* Sources */,
				35CDF5F7205D5E18003B2C45 /* Frameworks */,
				35CDF5F8205D5E18003B2C45 /* Resources */,
			);
			buildRules = (
			);
			dependencies = (
			);
			name = FirebaseTest;
			productName = FirebaseTest;
			productReference = 35CDF5FA205D5E18003B2C45 /* FirebaseTest.app */;
			productType = "com.apple.product-type.application";
		};
/* End PBXNativeTarget section */

/* Begin PBXProject section */
		35CDF5F2205D5E18003B2C45 /* Project object */ = {
			isa = PBXProject;
			attributes = {
				LastSwiftUpdateCheck = 0920;
				LastUpgradeCheck = 0920;
				ORGANIZATIONNAME = "Michal Moskala";
				TargetAttributes = {
					35CDF5F9205D5E18003B2C45 = {
						CreatedOnToolsVersion = 9.2;
						ProvisioningStyle = Automatic;
					};
				};
			};
			buildConfigurationList = 35CDF5F5205D5E18003B2C45 /* Build configuration list for PBXProject "FirebaseTest" */;
			compatibilityVersion = "Xcode 8.0";
			developmentRegion = en;
			hasScannedForEncodings = 0;
			knownRegions = (
				en,
				Base,
			);
			mainGroup = 35CDF5F1205D5E18003B2C45;
			productRefGroup = 35CDF5FB205D5E18003B2C45 /* Products */;
			projectDirPath = "";
			projectRoot = "";
			targets = (
				35CDF5F9205D5E18003B2C45 /* FirebaseTest */,
			);
		};
/* End PBXProject section */

/* Begin PBXResourcesBuildPhase section */
		35CDF5F8205D5E18003B2C45 /* Resources */ = {
			isa = PBXResourcesBuildPhase;
			buildActionMask = 2147483647;
			files = (
				35CDF608205D5E18003B2C45 /* LaunchScreen.storyboard in Resources */,
				35CDF610205D5F45003B2C45 /* GoogleService-Info.plist in Resources */,
				35CDF605205D5E18003B2C45 /* Assets.xcassets in Resources */,
				35CDF603205D5E18003B2C45 /* Main.storyboard in Resources */,
			);
			runOnlyForDeploymentPostprocessing = 0;
		};
/* End PBXResourcesBuildPhase section */

/* Begin PBXSourcesBuildPhase section */
		35CDF5F6205D5E18003B2C45 /* Sources */ = {
			isa = PBXSourcesBuildPhase;
			buildActionMask = 2147483647;
			files = (
				35CDF600205D5E18003B2C45 /* ViewController.swift in Sources */,
				35CDF5FE205D5E18003B2C45 /* AppDelegate.swift in Sources */,
			);
			runOnlyForDeploymentPostprocessing = 0;
		};
/* End PBXSourcesBuildPhase section */

/* Begin PBXVariantGroup section */
		35CDF601205D5E18003B2C45 /* Main.storyboard */ = {
			isa = PBXVariantGroup;
			children = (
				35CDF602205D5E18003B2C45 /* Base */,
			);
			name = Main.storyboard;
			sourceTree = "<group>";
		};
		35CDF606205D5E18003B2C45 /* LaunchScreen.storyboard */ = {
			isa = PBXVariantGroup;
			children = (
				35CDF607205D5E18003B2C45 /* Base */,
			);
			name = LaunchScreen.storyboard;
			sourceTree = "<group>";
		};
/* End PBXVariantGroup section */

/* Begin XCBuildConfiguration section */
		35CDF60A205D5E18003B2C45 /* Debug */ = {
			isa = XCBuildConfiguration;
			buildSettings = {
				ALWAYS_SEARCH_USER_PATHS = NO;
				CLANG_ANALYZER_NONNULL = YES;
				CLANG_ANALYZER_NUMBER_OBJECT_CONVERSION = YES_AGGRESSIVE;
				CLANG_CXX_LANGUAGE_STANDARD = "gnu++14";
				CLANG_CXX_LIBRARY = "libc++";
				CLANG_ENABLE_MODULES = YES;
				CLANG_ENABLE_OBJC_ARC = YES;
				CLANG_WARN_BLOCK_CAPTURE_AUTORELEASING = YES;
				CLANG_WARN_BOOL_CONVERSION = YES;
				CLANG_WARN_COMMA = YES;
				CLANG_WARN_CONSTANT_CONVERSION = YES;
				CLANG_WARN_DIRECT_OBJC_ISA_USAGE = YES_ERROR;
				CLANG_WARN_DOCUMENTATION_COMMENTS = YES;
				CLANG_WARN_EMPTY_BODY = YES;
				CLANG_WARN_ENUM_CONVERSION = YES;
				CLANG_WARN_INFINITE_RECURSION = YES;
				CLANG_WARN_INT_CONVERSION = YES;
				CLANG_WARN_NON_LITERAL_NULL_CONVERSION = YES;
				CLANG_WARN_OBJC_LITERAL_CONVERSION = YES;
				CLANG_WARN_OBJC_ROOT_CLASS = YES_ERROR;
				CLANG_WARN_RANGE_LOOP_ANALYSIS = YES;
				CLANG_WARN_STRICT_PROTOTYPES = YES;
				CLANG_WARN_SUSPICIOUS_MOVE = YES;
				CLANG_WARN_UNGUARDED_AVAILABILITY = YES_AGGRESSIVE;
				CLANG_WARN_UNREACHABLE_CODE = YES;
				CLANG_WARN__DUPLICATE_METHOD_MATCH = YES;
				CODE_SIGN_IDENTITY = "iPhone Developer";
				COPY_PHASE_STRIP = NO;
				DEBUG_INFORMATION_FORMAT = dwarf;
				ENABLE_STRICT_OBJC_MSGSEND = YES;
				ENABLE_TESTABILITY = YES;
				GCC_C_LANGUAGE_STANDARD = gnu11;
				GCC_DYNAMIC_NO_PIC = NO;
				GCC_NO_COMMON_BLOCKS = YES;
				GCC_OPTIMIZATION_LEVEL = 0;
				GCC_PREPROCESSOR_DEFINITIONS = (
					"DEBUG=1",
					"$(inherited)",
				);
				GCC_WARN_64_TO_32_BIT_CONVERSION = YES;
				GCC_WARN_ABOUT_RETURN_TYPE = YES_ERROR;
				GCC_WARN_UNDECLARED_SELECTOR = YES;
				GCC_WARN_UNINITIALIZED_AUTOS = YES_AGGRESSIVE;
				GCC_WARN_UNUSED_FUNCTION = YES;
				GCC_WARN_UNUSED_VARIABLE = YES;
				IPHONEOS_DEPLOYMENT_TARGET = 11.2;
				MTL_ENABLE_DEBUG_INFO = YES;
				ONLY_ACTIVE_ARCH = YES;
				SDKROOT = iphoneos;
				SWIFT_ACTIVE_COMPILATION_CONDITIONS = DEBUG;
				SWIFT_OPTIMIZATION_LEVEL = "-Onone";
			};
			name = Debug;
		};
		35CDF60B205D5E18003B2C45 /* Release */ = {
			isa = XCBuildConfiguration;
			buildSettings = {
				ALWAYS_SEARCH_USER_PATHS = NO;
				CLANG_ANALYZER_NONNULL = YES;
				CLANG_ANALYZER_NUMBER_OBJECT_CONVERSION = YES_AGGRESSIVE;
				CLANG_CXX_LANGUAGE_STANDARD = "gnu++14";
				CLANG_CXX_LIBRARY = "libc++";
				CLANG_ENABLE_MODULES = YES;
				CLANG_ENABLE_OBJC_ARC = YES;
				CLANG_WARN_BLOCK_CAPTURE_AUTORELEASING = YES;
				CLANG_WARN_BOOL_CONVERSION = YES;
				CLANG_WARN_COMMA = YES;
				CLANG_WARN_CONSTANT_CONVERSION = YES;
				CLANG_WARN_DIRECT_OBJC_ISA_USAGE = YES_ERROR;
				CLANG_WARN_DOCUMENTATION_COMMENTS = YES;
				CLANG_WARN_EMPTY_BODY = YES;
				CLANG_WARN_ENUM_CONVERSION = YES;
				CLANG_WARN_INFINITE_RECURSION = YES;
				CLANG_WARN_INT_CONVERSION = YES;
				CLANG_WARN_NON_LITERAL_NULL_CONVERSION = YES;
				CLANG_WARN_OBJC_LITERAL_CONVERSION = YES;
				CLANG_WARN_OBJC_ROOT_CLASS = YES_ERROR;
				CLANG_WARN_RANGE_LOOP_ANALYSIS = YES;
				CLANG_WARN_STRICT_PROTOTYPES = YES;
				CLANG_WARN_SUSPICIOUS_MOVE = YES;
				CLANG_WARN_UNGUARDED_AVAILABILITY = YES_AGGRESSIVE;
				CLANG_WARN_UNREACHABLE_CODE = YES;
				CLANG_WARN__DUPLICATE_METHOD_MATCH = YES;
				CODE_SIGN_IDENTITY = "iPhone Developer";
				COPY_PHASE_STRIP = NO;
				DEBUG_INFORMATION_FORMAT = "dwarf-with-dsym";
				ENABLE_NS_ASSERTIONS = NO;
				ENABLE_STRICT_OBJC_MSGSEND = YES;
				GCC_C_LANGUAGE_STANDARD = gnu11;
				GCC_NO_COMMON_BLOCKS = YES;
				GCC_WARN_64_TO_32_BIT_CONVERSION = YES;
				GCC_WARN_ABOUT_RETURN_TYPE = YES_ERROR;
				GCC_WARN_UNDECLARED_SELECTOR = YES;
				GCC_WARN_UNINITIALIZED_AUTOS = YES_AGGRESSIVE;
				GCC_WARN_UNUSED_FUNCTION = YES;
				GCC_WARN_UNUSED_VARIABLE = YES;
				IPHONEOS_DEPLOYMENT_TARGET = 11.2;
				MTL_ENABLE_DEBUG_INFO = NO;
				SDKROOT = iphoneos;
				SWIFT_OPTIMIZATION_LEVEL = "-Owholemodule";
				VALIDATE_PRODUCT = YES;
			};
			name = Release;
		};
		35CDF60D205D5E18003B2C45 /* Debug */ = {
			isa = XCBuildConfiguration;
			buildSettings = {
				ASSETCATALOG_COMPILER_APPICON_NAME = AppIcon;
				CODE_SIGN_STYLE = Automatic;
				DEVELOPMENT_TEAM = R77HUFLYN8;
				INFOPLIST_FILE = FirebaseTest/Info.plist;
				LD_RUNPATH_SEARCH_PATHS = "$(inherited) @executable_path/Frameworks";
				PRODUCT_BUNDLE_IDENTIFIER = michal.moskala.FirebaseTest;
				PRODUCT_NAME = "$(TARGET_NAME)";
				SWIFT_VERSION = 4.0;
				TARGETED_DEVICE_FAMILY = "1,2";
			};
			name = Debug;
		};
		35CDF60E205D5E18003B2C45 /* Release */ = {
			isa = XCBuildConfiguration;
			buildSettings = {
				ASSETCATALOG_COMPILER_APPICON_NAME = AppIcon;
				CODE_SIGN_STYLE = Automatic;
				DEVELOPMENT_TEAM = R77HUFLYN8;
				INFOPLIST_FILE = FirebaseTest/Info.plist;
				LD_RUNPATH_SEARCH_PATHS = "$(inherited) @executable_path/Frameworks";
				PRODUCT_BUNDLE_IDENTIFIER = michal.moskala.FirebaseTest;
				PRODUCT_NAME = "$(TARGET_NAME)";
				SWIFT_VERSION = 4.0;
				TARGETED_DEVICE_FAMILY = "1,2";
			};
			name = Release;
		};
/* End XCBuildConfiguration section */

/* Begin XCConfigurationList section */
		35CDF5F5205D5E18003B2C45 /* Build configuration list for PBXProject "FirebaseTest" */ = {
			isa = XCConfigurationList;
			buildConfigurations = (
				35CDF60A205D5E18003B2C45 /* Debug */,
				35CDF60B205D5E18003B2C45 /* Release */,
			);
			defaultConfigurationIsVisible = 0;
			defaultConfigurationName = Release;
		};
		35CDF60C205D5E18003B2C45 /* Build configuration list for PBXNativeTarget "FirebaseTest" */ = {
			isa = XCConfigurationList;
			buildConfigurations = (
				35CDF60D205D5E18003B2C45 /* Debug */,
				35CDF60E205D5E18003B2C45 /* Release */,
			);
			defaultConfigurationIsVisible = 0;
			defaultConfigurationName = Release;
		};
/* End XCConfigurationList section */
	};
	rootObject = 35CDF5F2205D5E18003B2C45 /* Project object */;
}
